
Microsoft Visual Studio Solution File, Format Version 12.00
Project("{FAE04EC0-301F-11D3-BF4B-00C04F79EFBC}") = "KafkaContracts", "KafkaContracts\KafkaContracts.csproj", "{0ECF60A9-FC62-4723-9604-F0DFE3E81775}"
EndProject
Project("{FAE04EC0-301F-11D3-BF4B-00C04F79EFBC}") = "KafkaConsumer", "KafkaConsumer\KafkaConsumer.csproj", "{2E33F8E9-878B-4DFB-9966-17C305921F25}"
EndProject
Project("{FAE04EC0-301F-11D3-BF4B-00C04F79EFBC}") = "KafkaProducer", "KafkaProducer\KafkaProducer.csproj", "{3BB61873-F58C-458A-9B2B-75EAA8AB1DFE}"
EndProject
Global
	GlobalSection(SolutionConfigurationPlatforms) = preSolution
		Debug|Any CPU = Debug|Any CPU
		Release|Any CPU = Release|Any CPU
	EndGlobalSection
	GlobalSection(ProjectConfigurationPlatforms) = postSolution
		{0ECF60A9-FC62-4723-9604-F0DFE3E81775}.Debug|Any CPU.ActiveCfg = Debug|Any CPU
		{0ECF60A9-FC62-4723-9604-F0DFE3E81775}.Debug|Any CPU.Build.0 = Debug|Any CPU
		{0ECF60A9-FC62-4723-9604-F0DFE3E81775}.Release|Any CPU.ActiveCfg = Release|Any CPU
		{0ECF60A9-FC62-4723-9604-F0DFE3E81775}.Release|Any CPU.Build.0 = Release|Any CPU
		{2E33F8E9-878B-4DFB-9966-17C305921F25}.Debug|Any CPU.ActiveCfg = Debug|Any CPU
		{2E33F8E9-878B-4DFB-9966-17C305921F25}.Debug|Any CPU.Build.0 = Debug|Any CPU
		{2E33F8E9-878B-4DFB-9966-17C305921F25}.Release|Any CPU.ActiveCfg = Release|Any CPU
		{2E33F8E9-878B-4DFB-9966-17C305921F25}.Release|Any CPU.Build.0 = Release|Any CPU
		{3BB61873-F58C-458A-9B2B-75EAA8AB1DFE}.Debug|Any CPU.ActiveCfg = Debug|Any CPU
		{3BB61873-F58C-458A-9B2B-75EAA8AB1DFE}.Debug|Any CPU.Build.0 = Debug|Any CPU
		{3BB61873-F58C-458A-9B2B-75EAA8AB1DFE}.Release|Any CPU.ActiveCfg = Release|Any CPU
		{3BB61873-F58C-458A-9B2B-75EAA8AB1DFE}.Release|Any CPU.Build.0 = Release|Any CPU
	EndGlobalSection
EndGlobal
